// !$*UTF8*$!
{
	archiveVersion = 1;
	classes = {
	};
	objectVersion = 77;
	objects = {

/* Begin PBXContainerItemProxy section */
		CD09DDD42D0F3A5C0076AA5E /* PBXContainerItemProxy */ = {
			isa = PBXContainerItemProxy;
			containerPortal = CD09DDB52D0F3A5B0076AA5E /* Project object */;
			proxyType = 1;
			remoteGlobalIDString = CD09DDBC2D0F3A5B0076AA5E;
			remoteInfo = "Code-Challenge";
		};
		CD09DDDE2D0F3A5C0076AA5E /* PBXContainerItemProxy */ = {
			isa = PBXContainerItemProxy;
			containerPortal = CD09DDB52D0F3A5B0076AA5E /* Project object */;
			proxyType = 1;
			remoteGlobalIDString = CD09DDBC2D0F3A5B0076AA5E;
			remoteInfo = "Code-Challenge";
		};
/* End PBXContainerItemProxy section */

/* Begin PBXFileReference section */
		CD09DDBD2D0F3A5B0076AA5E /* Code-Challenge.app */ = {isa = PBXFileReference; explicitFileType = wrapper.application; includeInIndex = 0; path = "Code-Challenge.app"; sourceTree = BUILT_PRODUCTS_DIR; };
		CD09DDD32D0F3A5C0076AA5E /* Code-ChallengeTests.xctest */ = {isa = PBXFileReference; explicitFileType = wrapper.cfbundle; includeInIndex = 0; path = "Code-ChallengeTests.xctest"; sourceTree = BUILT_PRODUCTS_DIR; };
		CD09DDDD2D0F3A5C0076AA5E /* Code-ChallengeUITests.xctest */ = {isa = PBXFileReference; explicitFileType = wrapper.cfbundle; includeInIndex = 0; path = "Code-ChallengeUITests.xctest"; sourceTree = BUILT_PRODUCTS_DIR; };
/* End PBXFileReference section */

/* Begin PBXFileSystemSynchronizedBuildFileExceptionSet section */
		CD09DDE52D0F3A5C0076AA5E /* Exceptions for "Code-Challenge" folder in "Code-Challenge" target */ = {
			isa = PBXFileSystemSynchronizedBuildFileExceptionSet;
			membershipExceptions = (
				Info.plist,
			);
			target = CD09DDBC2D0F3A5B0076AA5E /* Code-Challenge */;
		};
/* End PBXFileSystemSynchronizedBuildFileExceptionSet section */

/* Begin PBXFileSystemSynchronizedRootGroup section */
		CD09DDBF2D0F3A5B0076AA5E /* Code-Challenge */ = {
			isa = PBXFileSystemSynchronizedRootGroup;
			exceptions = (
				CD09DDE52D0F3A5C0076AA5E /* Exceptions for "Code-Challenge" folder in "Code-Challenge" target */,
			);
			path = "Code-Challenge";
			sourceTree = "<group>";
		};
		CD09DDD62D0F3A5C0076AA5E /* Code-ChallengeTests */ = {
			isa = PBXFileSystemSynchronizedRootGroup;
			path = "Code-ChallengeTests";
			sourceTree = "<group>";
		};
/* End PBXFileSystemSynchronizedRootGroup section */

/* Begin PBXFrameworksBuildPhase section */
		CD09DDBA2D0F3A5B0076AA5E /* Frameworks */ = {
			isa = PBXFrameworksBuildPhase;
			buildActionMask = 2147483647;
			files = (
			);
			runOnlyForDeploymentPostprocessing = 0;
		};
		CD09DDD02D0F3A5C0076AA5E /* Frameworks */ = {
			isa = PBXFrameworksBuildPhase;
			buildActionMask = 2147483647;
			files = (
			);
			runOnlyForDeploymentPostprocessing = 0;
		};
		CD09DDDA2D0F3A5C0076AA5E /* Frameworks */ = {
			isa = PBXFrameworksBuildPhase;
			buildActionMask = 2147483647;
			files = (
			);
			runOnlyForDeploymentPostprocessing = 0;
		};
/* End PBXFrameworksBuildPhase section */

/* Begin PBXGroup section */
		CD09DDB42D0F3A5B0076AA5E = {
			isa = PBXGroup;
			children = (
				CD09DDBF2D0F3A5B0076AA5E /* Code-Challenge */,
				CD09DDD62D0F3A5C0076AA5E /* Code-ChallengeTests */,
				CD09DDBE2D0F3A5B0076AA5E /* Products */,
			);
			sourceTree = "<group>";
		};
		CD09DDBE2D0F3A5B0076AA5E /* Products */ = {
			isa = PBXGroup;
			children = (
				CD09DDBD2D0F3A5B0076AA5E /* Code-Challenge.app */,
				CD09DDD32D0F3A5C0076AA5E /* Code-ChallengeTests.xctest */,
				CD09DDDD2D0F3A5C0076AA5E /* Code-ChallengeUITests.xctest */,
			);
			name = Products;
			sourceTree = "<group>";
		};
/* End PBXGroup section */

/* Begin PBXNativeTarget section */
		CD09DDBC2D0F3A5B0076AA5E /* Code-Challenge */ = {
			isa = PBXNativeTarget;
			buildConfigurationList = CD09DDE62D0F3A5C0076AA5E /* Build configuration list for PBXNativeTarget "Code-Challenge" */;
			buildPhases = (
				CD09DDB92D0F3A5B0076AA5E /* Sources */,
				CD09DDBA2D0F3A5B0076AA5E /* Frameworks */,
				CD09DDBB2D0F3A5B0076AA5E /* Resources */,
			);
			buildRules = (
			);
			dependencies = (
			);
			fileSystemSynchronizedGroups = (
				CD09DDBF2D0F3A5B0076AA5E /* Code-Challenge */,
			);
			name = "Code-Challenge";
			packageProductDependencies = (
			);
			productName = "Code-Challenge";
			productReference = CD09DDBD2D0F3A5B0076AA5E /* Code-Challenge.app */;
			productType = "com.apple.product-type.application";
		};
		CD09DDD22D0F3A5C0076AA5E /* Code-ChallengeTests */ = {
			isa = PBXNativeTarget;
			buildConfigurationList = CD09DDEB2D0F3A5C0076AA5E /* Build configuration list for PBXNativeTarget "Code-ChallengeTests" */;
			buildPhases = (
				CD09DDCF2D0F3A5C0076AA5E /* Sources */,
				CD09DDD02D0F3A5C0076AA5E /* Frameworks */,
				CD09DDD12D0F3A5C0076AA5E /* Resources */,
			);
			buildRules = (
			);
			dependencies = (
				CD09DDD52D0F3A5C0076AA5E /* PBXTargetDependency */,
			);
			fileSystemSynchronizedGroups = (
				CD09DDD62D0F3A5C0076AA5E /* Code-ChallengeTests */,
			);
			name = "Code-ChallengeTests";
			packageProductDependencies = (
			);
			productName = "Code-ChallengeTests";
			productReference = CD09DDD32D0F3A5C0076AA5E /* Code-ChallengeTests.xctest */;
			productType = "com.apple.product-type.bundle.unit-test";
		};
		CD09DDDC2D0F3A5C0076AA5E /* Code-ChallengeUITests */ = {
			isa = PBXNativeTarget;
			buildConfigurationList = CD09DDEE2D0F3A5C0076AA5E /* Build configuration list for PBXNativeTarget "Code-ChallengeUITests" */;
			buildPhases = (
				CD09DDD92D0F3A5C0076AA5E /* Sources */,
				CD09DDDA2D0F3A5C0076AA5E /* Frameworks */,
				CD09DDDB2D0F3A5C0076AA5E /* Resources */,
			);
			buildRules = (
			);
			dependencies = (
				CD09DDDF2D0F3A5C0076AA5E /* PBXTargetDependency */,
			);
			name = "Code-ChallengeUITests";
			packageProductDependencies = (
			);
			productName = "Code-ChallengeUITests";
			productReference = CD09DDDD2D0F3A5C0076AA5E /* Code-ChallengeUITests.xctest */;
			productType = "com.apple.product-type.bundle.ui-testing";
		};
/* End PBXNativeTarget section */

/* Begin PBXProject section */
		CD09DDB52D0F3A5B0076AA5E /* Project object */ = {
			isa = PBXProject;
			attributes = {
				BuildIndependentTargetsInParallel = 1;
				LastSwiftUpdateCheck = 1610;
				LastUpgradeCheck = 1610;
				TargetAttributes = {
					CD09DDBC2D0F3A5B0076AA5E = {
						CreatedOnToolsVersion = 16.1;
					};
					CD09DDD22D0F3A5C0076AA5E = {
						CreatedOnToolsVersion = 16.1;
						TestTargetID = CD09DDBC2D0F3A5B0076AA5E;
					};
					CD09DDDC2D0F3A5C0076AA5E = {
						CreatedOnToolsVersion = 16.1;
						TestTargetID = CD09DDBC2D0F3A5B0076AA5E;
					};
				};
			};
			buildConfigurationList = CD09DDB82D0F3A5B0076AA5E /* Build configuration list for PBXProject "Code-Challenge" */;
			developmentRegion = en;
			hasScannedForEncodings = 0;
			knownRegions = (
				en,
				Base,
			);
			mainGroup = CD09DDB42D0F3A5B0076AA5E;
			minimizedProjectReferenceProxies = 1;
			preferredProjectObjectVersion = 77;
			productRefGroup = CD09DDBE2D0F3A5B0076AA5E /* Products */;
			projectDirPath = "";
			projectRoot = "";
			targets = (
				CD09DDBC2D0F3A5B0076AA5E /* Code-Challenge */,
				CD09DDD22D0F3A5C0076AA5E /* Code-ChallengeTests */,
				CD09DDDC2D0F3A5C0076AA5E /* Code-ChallengeUITests */,
			);
		};
/* End PBXProject section */

/* Begin PBXResourcesBuildPhase section */
		CD09DDBB2D0F3A5B0076AA5E /* Resources */ = {
			isa = PBXResourcesBuildPhase;
			buildActionMask = 2147483647;
			files = (
			);
			runOnlyForDeploymentPostprocessing = 0;
		};
		CD09DDD12D0F3A5C0076AA5E /* Resources */ = {
			isa = PBXResourcesBuildPhase;
			buildActionMask = 2147483647;
			files = (
			);
			runOnlyForDeploymentPostprocessing = 0;
		};
		CD09DDDB2D0F3A5C0076AA5E /* Resources */ = {
			isa = PBXResourcesBuildPhase;
			buildActionMask = 2147483647;
			files = (
			);
			runOnlyForDeploymentPostprocessing = 0;
		};
/* End PBXResourcesBuildPhase section */

/* Begin PBXSourcesBuildPhase section */
		CD09DDB92D0F3A5B0076AA5E /* Sources */ = {
			isa = PBXSourcesBuildPhase;
			buildActionMask = 2147483647;
			files = (
			);
			runOnlyForDeploymentPostprocessing = 0;
		};
		CD09DDCF2D0F3A5C0076AA5E /* Sources */ = {
			isa = PBXSourcesBuildPhase;
			buildActionMask = 2147483647;
			files = (
			);
			runOnlyForDeploymentPostprocessing = 0;
		};
		CD09DDD92D0F3A5C0076AA5E /* Sources */ = {
			isa = PBXSourcesBuildPhase;
			buildActionMask = 2147483647;
			files = (
			);
			runOnlyForDeploymentPostprocessing = 0;
		};
/* End PBXSourcesBuildPhase section */

/* Begin PBXTargetDependency section */
		CD09DDD52D0F3A5C0076AA5E /* PBXTargetDependency */ = {
			isa = PBXTargetDependency;
			target = CD09DDBC2D0F3A5B0076AA5E /* Code-Challenge */;
			targetProxy = CD09DDD42D0F3A5C0076AA5E /* PBXContainerItemProxy */;
		};
		CD09DDDF2D0F3A5C0076AA5E /* PBXTargetDependency */ = {
			isa = PBXTargetDependency;
			target = CD09DDBC2D0F3A5B0076AA5E /* Code-Challenge */;
			targetProxy = CD09DDDE2D0F3A5C0076AA5E /* PBXContainerItemProxy */;
		};
/* End PBXTargetDependency section */

/* Begin XCBuildConfiguration section */
		CD09DDE72D0F3A5C0076AA5E /* Debug */ = {
			isa = XCBuildConfiguration;
			buildSettings = {
				ASSETCATALOG_COMPILER_APPICON_NAME = AppIcon;
				ASSETCATALOG_COMPILER_GLOBAL_ACCENT_COLOR_NAME = AccentColor;
				CODE_SIGN_STYLE = Automatic;
				CURRENT_PROJECT_VERSION = 1;
				GENERATE_INFOPLIST_FILE = YES;
				INFOPLIST_FILE = "Code-Challenge/Info.plist";
				INFOPLIST_KEY_UIApplicationSupportsIndirectInputEvents = YES;
				INFOPLIST_KEY_UILaunchStoryboardName = LaunchScreen;
				INFOPLIST_KEY_UIMainStoryboardFile = "";
				INFOPLIST_KEY_UISupportedInterfaceOrientations_iPad = "UIInterfaceOrientationPortrait UIInterfaceOrientationPortraitUpsideDown UIInterfaceOrientationLandscapeLeft UIInterfaceOrientationLandscapeRight";
				INFOPLIST_KEY_UISupportedInterfaceOrientations_iPhone = "UIInterfaceOrientationPortrait UIInterfaceOrientationLandscapeLeft UIInterfaceOrientationLandscapeRight";
				IPHONEOS_DEPLOYMENT_TARGET = 12.0;
				LD_RUNPATH_SEARCH_PATHS = (
					"$(inherited)",
					"@executable_path/Frameworks",
				);
				MARKETING_VERSION = 1.0;
				PRODUCT_BUNDLE_IDENTIFIER = "com.nhivhy.Code-Challenge";
				PRODUCT_NAME = "$(TARGET_NAME)";
				SWIFT_EMIT_LOC_STRINGS = YES;
				SWIFT_VERSION = 5.0;
				TARGETED_DEVICE_FAMILY = "1,2";
			};
			name = Debug;
		};
		CD09DDE82D0F3A5C0076AA5E /* Release */ = {
			isa = XCBuildConfiguration;
			buildSettings = {
				ASSETCATALOG_COMPILER_APPICON_NAME = AppIcon;
				ASSETCATALOG_COMPILER_GLOBAL_ACCENT_COLOR_NAME = AccentColor;
				CODE_SIGN_STYLE = Automatic;
				CURRENT_PROJECT_VERSION = 1;
				GENERATE_INFOPLIST_FILE = YES;
				INFOPLIST_FILE = "Code-Challenge/Info.plist";
				INFOPLIST_KEY_UIApplicationSupportsIndirectInputEvents = YES;
				INFOPLIST_KEY_UILaunchStoryboardName = LaunchScreen;
				INFOPLIST_KEY_UIMainStoryboardFile = "";
				INFOPLIST_KEY_UISupportedInterfaceOrientations_iPad = "UIInterfaceOrientationPortrait UIInterfaceOrientationPortraitUpsideDown UIInterfaceOrientationLandscapeLeft UIInterfaceOrientationLandscapeRight";
				INFOPLIST_KEY_UISupportedInterfaceOrientations_iPhone = "UIInterfaceOrientationPortrait UIInterfaceOrientationLandscapeLeft UIInterfaceOrientationLandscapeRight";
				IPHONEOS_DEPLOYMENT_TARGET = 12.0;
				LD_RUNPATH_SEARCH_PATHS = (
					"$(inherited)",
					"@executable_path/Frameworks",
				);
				MARKETING_VERSION = 1.0;
				PRODUCT_BUNDLE_IDENTIFIER = "com.nhivhy.Code-Challenge";
				PRODUCT_NAME = "$(TARGET_NAME)";
				SWIFT_EMIT_LOC_STRINGS = YES;
				SWIFT_VERSION = 5.0;
				TARGETED_DEVICE_FAMILY = "1,2";
			};
			name = Release;
		};
		CD09DDE92D0F3A5C0076AA5E /* Debug */ = {
			isa = XCBuildConfiguration;
			buildSettings = {
				ALWAYS_SEARCH_USER_PATHS = NO;
				ASSETCATALOG_COMPILER_GENERATE_SWIFT_ASSET_SYMBOL_EXTENSIONS = YES;
				CLANG_ANALYZER_NONNULL = YES;
				CLANG_ANALYZER_NUMBER_OBJECT_CONVERSION = YES_AGGRESSIVE;
				CLANG_CXX_LANGUAGE_STANDARD = "gnu++20";
				CLANG_ENABLE_MODULES = YES;
				CLANG_ENABLE_OBJC_ARC = YES;
				CLANG_ENABLE_OBJC_WEAK = YES;
				CLANG_WARN_BLOCK_CAPTURE_AUTORELEASING = YES;
				CLANG_WARN_BOOL_CONVERSION = YES;
				CLANG_WARN_COMMA = YES;
				CLANG_WARN_CONSTANT_CONVERSION = YES;
				CLANG_WARN_DEPRECATED_OBJC_IMPLEMENTATIONS = YES;
				CLANG_WARN_DIRECT_OBJC_ISA_USAGE = YES_ERROR;
				CLANG_WARN_DOCUMENTATION_COMMENTS = YES;
				CLANG_WARN_EMPTY_BODY = YES;
				CLANG_WARN_ENUM_CONVERSION = YES;
				CLANG_WARN_INFINITE_RECURSION = YES;
				CLANG_WARN_INT_CONVERSION = YES;
				CLANG_WARN_NON_LITERAL_NULL_CONVERSION = YES;
				CLANG_WARN_OBJC_IMPLICIT_RETAIN_SELF = YES;
				CLANG_WARN_OBJC_LITERAL_CONVERSION = YES;
				CLANG_WARN_OBJC_ROOT_CLASS = YES_ERROR;
				CLANG_WARN_QUOTED_INCLUDE_IN_FRAMEWORK_HEADER = YES;
				CLANG_WARN_RANGE_LOOP_ANALYSIS = YES;
				CLANG_WARN_STRICT_PROTOTYPES = YES;
				CLANG_WARN_SUSPICIOUS_MOVE = YES;
				CLANG_WARN_UNGUARDED_AVAILABILITY = YES_AGGRESSIVE;
				CLANG_WARN_UNREACHABLE_CODE = YES;
				CLANG_WARN__DUPLICATE_METHOD_MATCH = YES;
				COPY_PHASE_STRIP = NO;
				DEBUG_INFORMATION_FORMAT = dwarf;
				ENABLE_STRICT_OBJC_MSGSEND = YES;
				ENABLE_TESTABILITY = YES;
				ENABLE_USER_SCRIPT_SANDBOXING = YES;
				GCC_C_LANGUAGE_STANDARD = gnu17;
				GCC_DYNAMIC_NO_PIC = NO;
				GCC_NO_COMMON_BLOCKS = YES;
				GCC_OPTIMIZATION_LEVEL = 0;
				GCC_PREPROCESSOR_DEFINITIONS = (
					"DEBUG=1",
					"$(inherited)",
				);
				GCC_WARN_64_TO_32_BIT_CONVERSION = YES;
				GCC_WARN_ABOUT_RETURN_TYPE = YES_ERROR;
				GCC_WARN_UNDECLARED_SELECTOR = YES;
				GCC_WARN_UNINITIALIZED_AUTOS = YES_AGGRESSIVE;
				GCC_WARN_UNUSED_FUNCTION = YES;
				GCC_WARN_UNUSED_VARIABLE = YES;
				IPHONEOS_DEPLOYMENT_TARGET = "";
				LOCALIZATION_PREFERS_STRING_CATALOGS = YES;
				MTL_ENABLE_DEBUG_INFO = INCLUDE_SOURCE;
				MTL_FAST_MATH = YES;
				ONLY_ACTIVE_ARCH = YES;
				SDKROOT = iphoneos;
				SWIFT_ACTIVE_COMPILATION_CONDITIONS = "DEBUG $(inherited)";
				SWIFT_OPTIMIZATION_LEVEL = "-Onone";
			};
			name = Debug;
		};
		CD09DDEA2D0F3A5C0076AA5E /* Release */ = {
			isa = XCBuildConfiguration;
			buildSettings = {
				ALWAYS_SEARCH_USER_PATHS = NO;
				ASSETCATALOG_COMPILER_GENERATE_SWIFT_ASSET_SYMBOL_EXTENSIONS = YES;
				CLANG_ANALYZER_NONNULL = YES;
				CLANG_ANALYZER_NUMBER_OBJECT_CONVERSION = YES_AGGRESSIVE;
				CLANG_CXX_LANGUAGE_STANDARD = "gnu++20";
				CLANG_ENABLE_MODULES = YES;
				CLANG_ENABLE_OBJC_ARC = YES;
				CLANG_ENABLE_OBJC_WEAK = YES;
				CLANG_WARN_BLOCK_CAPTURE_AUTORELEASING = YES;
				CLANG_WARN_BOOL_CONVERSION = YES;
				CLANG_WARN_COMMA = YES;
				CLANG_WARN_CONSTANT_CONVERSION = YES;
				CLANG_WARN_DEPRECATED_OBJC_IMPLEMENTATIONS = YES;
				CLANG_WARN_DIRECT_OBJC_ISA_USAGE = YES_ERROR;
				CLANG_WARN_DOCUMENTATION_COMMENTS = YES;
				CLANG_WARN_EMPTY_BODY = YES;
				CLANG_WARN_ENUM_CONVERSION = YES;
				CLANG_WARN_INFINITE_RECURSION = YES;
				CLANG_WARN_INT_CONVERSION = YES;
				CLANG_WARN_NON_LITERAL_NULL_CONVERSION = YES;
				CLANG_WARN_OBJC_IMPLICIT_RETAIN_SELF = YES;
				CLANG_WARN_OBJC_LITERAL_CONVERSION = YES;
				CLANG_WARN_OBJC_ROOT_CLASS = YES_ERROR;
				CLANG_WARN_QUOTED_INCLUDE_IN_FRAMEWORK_HEADER = YES;
				CLANG_WARN_RANGE_LOOP_ANALYSIS = YES;
				CLANG_WARN_STRICT_PROTOTYPES = YES;
				CLANG_WARN_SUSPICIOUS_MOVE = YES;
				CLANG_WARN_UNGUARDED_AVAILABILITY = YES_AGGRESSIVE;
				CLANG_WARN_UNREACHABLE_CODE = YES;
				CLANG_WARN__DUPLICATE_METHOD_MATCH = YES;
				COPY_PHASE_STRIP = NO;
				DEBUG_INFORMATION_FORMAT = "dwarf-with-dsym";
				ENABLE_NS_ASSERTIONS = NO;
				ENABLE_STRICT_OBJC_MSGSEND = YES;
				ENABLE_USER_SCRIPT_SANDBOXING = YES;
				GCC_C_LANGUAGE_STANDARD = gnu17;
				GCC_NO_COMMON_BLOCKS = YES;
				GCC_WARN_64_TO_32_BIT_CONVERSION = YES;
				GCC_WARN_ABOUT_RETURN_TYPE = YES_ERROR;
				GCC_WARN_UNDECLARED_SELECTOR = YES;
				GCC_WARN_UNINITIALIZED_AUTOS = YES_AGGRESSIVE;
				GCC_WARN_UNUSED_FUNCTION = YES;
				GCC_WARN_UNUSED_VARIABLE = YES;
				IPHONEOS_DEPLOYMENT_TARGET = "";
				LOCALIZATION_PREFERS_STRING_CATALOGS = YES;
				MTL_ENABLE_DEBUG_INFO = NO;
				MTL_FAST_MATH = YES;
				SDKROOT = iphoneos;
				SWIFT_COMPILATION_MODE = wholemodule;
				VALIDATE_PRODUCT = YES;
			};
			name = Release;
		};
		CD09DDEC2D0F3A5C0076AA5E /* Debug */ = {
			isa = XCBuildConfiguration;
			buildSettings = {
				BUNDLE_LOADER = "$(TEST_HOST)";
				CODE_SIGN_STYLE = Automatic;
				CURRENT_PROJECT_VERSION = 1;
				GENERATE_INFOPLIST_FILE = YES;
				IPHONEOS_DEPLOYMENT_TARGET = 18.1;
				MARKETING_VERSION = 1.0;
				PRODUCT_BUNDLE_IDENTIFIER = "com.nhivhy.Code-ChallengeTests";
				PRODUCT_NAME = "$(TARGET_NAME)";
				SWIFT_EMIT_LOC_STRINGS = NO;
				SWIFT_VERSION = 5.0;
				TARGETED_DEVICE_FAMILY = "1,2";
				TEST_HOST = "$(BUILT_PRODUCTS_DIR)/Code-Challenge.app/$(BUNDLE_EXECUTABLE_FOLDER_PATH)/Code-Challenge";
			};
			name = Debug;
		};
		CD09DDED2D0F3A5C0076AA5E /* Release */ = {
			isa = XCBuildConfiguration;
			buildSettings = {
				BUNDLE_LOADER = "$(TEST_HOST)";
				CODE_SIGN_STYLE = Automatic;
				CURRENT_PROJECT_VERSION = 1;
				GENERATE_INFOPLIST_FILE = YES;
				IPHONEOS_DEPLOYMENT_TARGET = 18.1;
				MARKETING_VERSION = 1.0;
				PRODUCT_BUNDLE_IDENTIFIER = "com.nhivhy.Code-ChallengeTests";
				PRODUCT_NAME = "$(TARGET_NAME)";
				SWIFT_EMIT_LOC_STRINGS = NO;
				SWIFT_VERSION = 5.0;
				TARGETED_DEVICE_FAMILY = "1,2";
				TEST_HOST = "$(BUILT_PRODUCTS_DIR)/Code-Challenge.app/$(BUNDLE_EXECUTABLE_FOLDER_PATH)/Code-Challenge";
			};
			name = Release;
		};
		CD09DDEF2D0F3A5C0076AA5E /* Debug */ = {
			isa = XCBuildConfiguration;
			buildSettings = {
				CODE_SIGN_STYLE = Automatic;
				CURRENT_PROJECT_VERSION = 1;
				GENERATE_INFOPLIST_FILE = YES;
				MARKETING_VERSION = 1.0;
				PRODUCT_BUNDLE_IDENTIFIER = "com.nhivhy.Code-ChallengeUITests";
				PRODUCT_NAME = "$(TARGET_NAME)";
				SWIFT_EMIT_LOC_STRINGS = NO;
				SWIFT_VERSION = 5.0;
				TARGETED_DEVICE_FAMILY = "1,2";
				TEST_TARGET_NAME = "Code-Challenge";
			};
			name = Debug;
		};
		CD09DDF02D0F3A5C0076AA5E /* Release */ = {
			isa = XCBuildConfiguration;
			buildSettings = {
				CODE_SIGN_STYLE = Automatic;
				CURRENT_PROJECT_VERSION = 1;
				GENERATE_INFOPLIST_FILE = YES;
				MARKETING_VERSION = 1.0;
				PRODUCT_BUNDLE_IDENTIFIER = "com.nhivhy.Code-ChallengeUITests";
				PRODUCT_NAME = "$(TARGET_NAME)";
				SWIFT_EMIT_LOC_STRINGS = NO;
				SWIFT_VERSION = 5.0;
				TARGETED_DEVICE_FAMILY = "1,2";
				TEST_TARGET_NAME = "Code-Challenge";
			};
			name = Release;
		};
/* End XCBuildConfiguration section */

/* Begin XCConfigurationList section */
		CD09DDB82D0F3A5B0076AA5E /* Build configuration list for PBXProject "Code-Challenge" */ = {
			isa = XCConfigurationList;
			buildConfigurations = (
				CD09DDE92D0F3A5C0076AA5E /* Debug */,
				CD09DDEA2D0F3A5C0076AA5E /* Release */,
			);
			defaultConfigurationIsVisible = 0;
			defaultConfigurationName = Release;
		};
		CD09DDE62D0F3A5C0076AA5E /* Build configuration list for PBXNativeTarget "Code-Challenge" */ = {
			isa = XCConfigurationList;
			buildConfigurations = (
				CD09DDE72D0F3A5C0076AA5E /* Debug */,
				CD09DDE82D0F3A5C0076AA5E /* Release */,
			);
			defaultConfigurationIsVisible = 0;
			defaultConfigurationName = Release;
		};
		CD09DDEB2D0F3A5C0076AA5E /* Build configuration list for PBXNativeTarget "Code-ChallengeTests" */ = {
			isa = XCConfigurationList;
			buildConfigurations = (
				CD09DDEC2D0F3A5C0076AA5E /* Debug */,
				CD09DDED2D0F3A5C0076AA5E /* Release */,
			);
			defaultConfigurationIsVisible = 0;
			defaultConfigurationName = Release;
		};
		CD09DDEE2D0F3A5C0076AA5E /* Build configuration list for PBXNativeTarget "Code-ChallengeUITests" */ = {
			isa = XCConfigurationList;
			buildConfigurations = (
				CD09DDEF2D0F3A5C0076AA5E /* Debug */,
				CD09DDF02D0F3A5C0076AA5E /* Release */,
			);
			defaultConfigurationIsVisible = 0;
			defaultConfigurationName = Release;
		};
/* End XCConfigurationList section */
	};
	rootObject = CD09DDB52D0F3A5B0076AA5E /* Project object */;
}
